{
  "version": 1,
  "dependencies": {
    "net10.0": {
      "HotChocolate.AspNetCore": {
        "type": "Direct",
        "requested": "[15.1.12, )",
        "resolved": "15.1.12",
        "contentHash": "LPT8T/J7ZihEH/Ts0cs7auzjuQU/XK/DM2iPHy4jQSbK39iO/UMnY958zdWwHvj7hNslNgsZHbMV14f11R7hcA==",
        "dependencies": {
          "ChilliCream.Nitro.App": "28.0.7",
          "HotChocolate": "15.1.12",
          "HotChocolate.Subscriptions.InMemory": "15.1.12",
          "HotChocolate.Transport.Sockets": "15.1.12",
          "HotChocolate.Types.Scalars.Upload": "15.1.12",
          "HotChocolate.Utilities.DependencyInjection": "15.1.12"
        }
      },
      "Microsoft.AspNetCore.OpenApi": {
        "type": "Direct",
        "requested": "[10.0.2, )",
        "resolved": "10.0.2",
        "contentHash": "YuEjUNpsoZLs0I5ONt013Z+Udsz3f9sPUh1Xm59LN7+/Z8oVG/swCUYLBbANtfreiunWnoT2uk+5kst4s2jr3Q==",
        "dependencies": {
          "Microsoft.OpenApi": "2.0.0"
        }
      },
      "Microsoft.EntityFrameworkCore.Design": {
        "type": "Direct",
        "requested": "[10.0.2, )",
        "resolved": "10.0.2",
        "contentHash": "tBwpyZ75SqcRjmZyhLYJVGKyfz1Z1dmsYtvJGZ2QLSI1tOHgMuLPTovunHA1JF9a0EWJs+WB6tVWmqo3DTL/MQ==",
        "dependencies": {
          "Humanizer.Core": "2.14.1",
          "Microsoft.Build.Framework": "18.0.2",
          "Microsoft.CodeAnalysis.CSharp": "5.0.0",
          "Microsoft.CodeAnalysis.CSharp.Workspaces": "5.0.0",
          "Microsoft.CodeAnalysis.Workspaces.MSBuild": "5.0.0",
          "Microsoft.EntityFrameworkCore.Relational": "10.0.2",
          "Microsoft.Extensions.DependencyModel": "10.0.2",
          "Mono.TextTemplating": "3.0.0",
          "Newtonsoft.Json": "13.0.3"
        }
      },
      "OpenTelemetry.Exporter.Prometheus.AspNetCore": {
        "type": "Direct",
        "requested": "[1.15.0-beta.1, )",
        "resolved": "1.15.0-beta.1",
        "contentHash": "015RkS1PLohpIRXQA9mhi+KLUSIz4kdZ683ur1IIJ1YuCT1sf0maXTKZ3zNy6JtBzBXCIUmzt8ug1lRK8qLQ0A==",
        "dependencies": {
          "OpenTelemetry": "[1.15.0, 2.0.0)"
        }
      },
      "OpenTelemetry.Extensions.Hosting": {
        "type": "Direct",
        "requested": "[1.15.0, )",
        "resolved": "1.15.0",
        "contentHash": "RixjKyB1pbYGhWdvPto4KJs+exdQknJsnjUO9WszdLles5Vcd0EYzxPNJdwmLjYfP+Jfbr4B5nktM4ZgeHSWtg==",
        "dependencies": {
          "OpenTelemetry": "1.15.0"
        }
      },
      "OpenTelemetry.Instrumentation.AspNetCore": {
        "type": "Direct",
        "requested": "[1.15.0, )",
        "resolved": "1.15.0",
        "contentHash": "mte1nRYefxjed2syXgVWq3UCfMKO7MkebvTZmf0O1aLgVgCktLsVjQ6mftyjIbWGBBCHN0wg+Glxj8BSFS70pQ==",
        "dependencies": {
          "OpenTelemetry.Api.ProviderBuilderExtensions": "[1.15.0, 2.0.0)"
        }
      },
      "OpenTelemetry.Instrumentation.Http": {
        "type": "Direct",
        "requested": "[1.15.0, )",
        "resolved": "1.15.0",
        "contentHash": "uToc7bUp8IEdb0ny9mKsL6FrrYelINPzxxiSShJgOf4XmQc4Azww6S5RjRj24YhsOn2a1MABOrxfVTZXtDk4Eg==",
        "dependencies": {
          "OpenTelemetry.Api.ProviderBuilderExtensions": "[1.15.0, 2.0.0)"
        }
      },
      "OpenTelemetry.Instrumentation.Process": {
        "type": "Direct",
        "requested": "[1.15.0-beta.1, )",
        "resolved": "1.15.0-beta.1",
        "contentHash": "99zSvpwsMpKextd3RkHGY8iRsmw1qg3PjqkjC5hZI0fZG6m+wPsssrX6z9RhwDGcZ8sdGNjoKyLpNOmR154zQg==",
        "dependencies": {
          "OpenTelemetry.Api": "[1.15.0, 2.0.0)"
        }
      },
      "OpenTelemetry.Instrumentation.Runtime": {
        "type": "Direct",
        "requested": "[1.15.0, )",
        "resolved": "1.15.0",
        "contentHash": "OOvpqR/j2Pb6+tWhHNODIbSJ53Or/MDtTiXEyrsWI02K2lLAgvBFcxUOrHggS/8015cYR3AdSaXv6NZrkz5yQA==",
        "dependencies": {
          "OpenTelemetry.Api": "[1.15.0, 2.0.0)"
        }
      },
      "Serilog.AspNetCore": {
        "type": "Direct",
        "requested": "[10.0.0, )",
        "resolved": "10.0.0",
        "contentHash": "a/cNa1mY4On1oJlfGG1wAvxjp5g7OEzk/Jf/nm7NF9cWoE7KlZw1GldrifUBWm9oKibHkR7Lg/l5jy3y7ACR8w==",
        "dependencies": {
          "Serilog": "4.3.0",
          "Serilog.Extensions.Hosting": "10.0.0",
          "Serilog.Formatting.Compact": "3.0.0",
          "Serilog.Settings.Configuration": "10.0.0",
          "Serilog.Sinks.Console": "6.1.1",
          "Serilog.Sinks.Debug": "3.0.0",
          "Serilog.Sinks.File": "7.0.0"
        }
      },
      "Serilog.Enrichers.Environment": {
        "type": "Direct",
        "requested": "[3.0.1, )",
        "resolved": "3.0.1",
        "contentHash": "9BqCE4C9FF+/rJb/CsQwe7oVf44xqkOvMwX//CUxvUR25lFL4tSS6iuxE5eW07quby1BAyAEP+vM6TWsnT3iqw==",
        "dependencies": {
          "Serilog": "4.0.0"
        }
      },
      "Serilog.Enrichers.Process": {
        "type": "Direct",
        "requested": "[3.0.0, )",
        "resolved": "3.0.0",
        "contentHash": "/wPYz2PDCJGSHNI+Z0PAacZvrgZgrGduWqLXeC2wvW6pgGM/Bi45JrKy887MRcRPHIZVU0LAlkmJ7TkByC0boQ==",
        "dependencies": {
          "Serilog": "4.0.0"
        }
      },
      "Serilog.Enrichers.Span": {
        "type": "Direct",
        "requested": "[3.1.0, )",
        "resolved": "3.1.0",
        "contentHash": "xNxy5FxIuLLusRHBpJwJ/YqVw5S7Dtbt79NUsPQxDtu4+CYG4kJgjLs9fjZhKPMjZQL8GZRewT8brap9h2r+Vw==",
        "dependencies": {
          "Serilog": "2.10.0"
        }
      },
      "Serilog.Enrichers.Thread": {
        "type": "Direct",
        "requested": "[4.0.0, )",
        "resolved": "4.0.0",
        "contentHash": "C7BK25a1rhUyr+Tp+1BYcVlBJq7M2VCHlIgnwoIUVJcicM9jYcvQK18+OeHiXw7uLPSjqWxJIp1EfaZ/RGmEwA==",
        "dependencies": {
          "Serilog": "4.0.0"
        }
      },
      "Serilog.Sinks.Console": {
        "type": "Direct",
        "requested": "[6.1.1, )",
        "resolved": "6.1.1",
        "contentHash": "8jbqgjUyZlfCuSTaJk6lOca465OndqOz3KZP6Cryt/IqZYybyBu7GP0fE/AXBzrrQB3EBmQntBFAvMVz1COvAA==",
        "dependencies": {
          "Serilog": "4.0.0"
        }
      },
      "Serilog.Sinks.File": {
        "type": "Direct",
        "requested": "[7.0.0, )",
        "resolved": "7.0.0",
        "contentHash": "fKL7mXv7qaiNBUC71ssvn/dU0k9t0o45+qm2XgKAlSt19xF+ijjxyA3R6HmCgfKEKwfcfkwWjayuQtRueZFkYw==",
        "dependencies": {
          "Serilog": "4.2.0"
        }
      },
      "Serilog.Sinks.Grafana.Loki": {
        "type": "Direct",
        "requested": "[8.3.2, )",
        "resolved": "8.3.2",
        "contentHash": "znb7fSb/4NfM++cSp99bUO3MCuP1Xx1k2329BUZCp7Tp+YwzAlDHHzBcVUZCll/EPGLuVPUdx894peHaAjYlvA==",
        "dependencies": {
          "Serilog": "2.12.0"
        }
      },
      "ChilliCream.Nitro.App": {
        "type": "Transitive",
        "resolved": "28.0.7",
        "contentHash": "G6CZod8ForeoVMXigRyAxTTqiiUYcppE85UY/zy4XLMunpF1Ginn5njWK+F+93bw3x5SssPR/fexEpOtQqkVLw==",
        "dependencies": {
          "Yarp.ReverseProxy": "2.3.0"
        }
      },
      "Dapper": {
        "type": "Transitive",
        "resolved": "2.1.66",
        "contentHash": "/q77jUgDOS+bzkmk3Vy9SiWMaetTw+NOoPAV0xPBsGVAyljd5S6P+4RUW7R3ZUGGr9lDRyPKgAMj2UAOwvqZYw=="
      },
      "EFCore.NamingConventions": {
        "type": "Transitive",
        "resolved": "10.0.1",
        "contentHash": "Xs5k8XfNKPkkQSkGmZkmDI1je0prLTdxse+s8PgTFZxyBrlrTLzTBUTVJtQKSsbvu4y+luAv8DdtO5SALJE++A==",
        "dependencies": {
          "Microsoft.EntityFrameworkCore": "[10.0.1, 11.0.0)",
          "Microsoft.EntityFrameworkCore.Relational": "[10.0.1, 11.0.0)"
        }
      },
      "GreenDonut": {
        "type": "Transitive",
        "resolved": "15.1.12",
        "contentHash": "6klviTecBAW14QGmuPTX26iF/e68s5h6zUym9rcteNMU0m6wvTCMevRMalBcGPfBKlOYYrIPpREBhXc7gdPlNg==",
        "dependencies": {
          "GreenDonut.Abstractions": "15.1.12"
        }
      },
      "GreenDonut.Abstractions": {
        "type": "Transitive",
        "resolved": "15.1.12",
        "contentHash": "T13fuWLJEDxkqboNuqHAqO5ZmpGXdibzBFc1Z8SqGdoDyKxV0ONF0LqWV0rSu75d4GzZnfGTh1/OuY0VuStqgw=="
      },
      "GreenDonut.Data": {
        "type": "Transitive",
        "resolved": "15.1.12",
        "contentHash": "e/e7yh531Tf7w0fcQhdD3han/IqdaxaIQtqEUGFww9GsQGqOTWBYuR0CI3b+tFkrfGZXwlyx/NuTU4dbSWwO9Q==",
        "dependencies": {
          "GreenDonut": "15.1.12",
          "GreenDonut.Data.Abstractions": "15.1.12"
        }
      },
      "GreenDonut.Data.Abstractions": {
        "type": "Transitive",
        "resolved": "15.1.12",
        "contentHash": "pGuda7P3vFJrurI1hvQlb/Bzn9Mn6mcRNig4vU3WmEP++9M7R+G1kCwv5BFA77XGVejVdm3n5o067Qm2EZgNTg==",
        "dependencies": {
          "GreenDonut.Abstractions": "15.1.12",
          "GreenDonut.Data.Primitives": "15.1.12"
        }
      },
      "GreenDonut.Data.Primitives": {
        "type": "Transitive",
        "resolved": "15.1.12",
        "contentHash": "yIsSuSOPORs9hfHybxlvovrY2CLHtFefA9YokP1fpRHSHqKSyDM0Px3af76iWsYrvBbFi8M7Zmn7eIahv6RO6Q=="
      },
      "HotChocolate": {
        "type": "Transitive",
        "resolved": "15.1.12",
        "contentHash": "S3o8ssMln0NkoPLfa9vt+uPjg1S4+ujREiKnN2sbwv/TawmxCx4AKPRT35d/sdyX4JlAKcBwR8su5LbY3+VG9g==",
        "dependencies": {
          "HotChocolate.Authorization": "15.1.12",
          "HotChocolate.CostAnalysis": "15.1.12",
          "HotChocolate.Execution": "15.1.12",
          "HotChocolate.Execution.Projections": "15.1.12",
          "HotChocolate.Fetching": "15.1.12",
          "HotChocolate.Types": "15.1.12",
          "HotChocolate.Types.CursorPagination": "15.1.12",
          "HotChocolate.Types.CursorPagination.Extensions": "15.1.12",
          "HotChocolate.Types.Mutations": "15.1.12",
          "HotChocolate.Types.Queries": "15.1.12",
          "HotChocolate.Validation": "15.1.12"
        }
      },
      "HotChocolate.Abstractions": {
        "type": "Transitive",
        "resolved": "15.1.12",
        "contentHash": "h7Q67e7Wg4NWGHkuy1IRBJ8GBSFbIEkURg5muhq1kaqs7wE5OPvDWS6GV78eP9TyczJ05sdVyNJVLzlXT9RKkw==",
        "dependencies": {
          "HotChocolate.Primitives": "15.1.12"
        }
      },
      "HotChocolate.Authorization": {
        "type": "Transitive",
        "resolved": "15.1.12",
        "contentHash": "VGdbkeByi0qak+8fNBlFe2FTSoPCUgQ7l1NsbBBmVPvq1c2JGY9y/ZrZhJKRiWJMi+cxh34udkXaXnPLfz4LXw==",
        "dependencies": {
          "HotChocolate.Execution": "15.1.12"
        }
      },
      "HotChocolate.CostAnalysis": {
        "type": "Transitive",
        "resolved": "15.1.12",
        "contentHash": "jcKiyNpo7YIPhHubJtSaS1nEtvl+9dozxa1mDiS4iwCL4UpHR/zG1JKK6qeyvcEOCkF4DGcln/6cHRmLemQNAg==",
        "dependencies": {
          "HotChocolate.Execution": "15.1.12",
          "HotChocolate.Types": "15.1.12"
        }
      },
      "HotChocolate.Execution": {
        "type": "Transitive",
        "resolved": "15.1.12",
        "contentHash": "mOnM34nQZjD/5VwyOSN8U1e5QkrMu83XXHSUCvToI4us+FPHKdcDRxH74ecgFmL6DbUehlBLBjBJdKOE1JZb+A==",
        "dependencies": {
          "HotChocolate.Abstractions": "15.1.12",
          "HotChocolate.Execution.Abstractions": "15.1.12",
          "HotChocolate.Fetching": "15.1.12",
          "HotChocolate.Types": "15.1.12",
          "HotChocolate.Utilities.DependencyInjection": "15.1.12",
          "HotChocolate.Validation": "15.1.12"
        }
      },
      "HotChocolate.Execution.Abstractions": {
        "type": "Transitive",
        "resolved": "15.1.12",
        "contentHash": "3YURY8BTqC23Md4Qk5BGxdcltv1cQNJQS4XlmkMsiFEIvzQEWX7Wn3QJGfuIznXSwyLPZg+zLiCJBFJvImMe1Q==",
        "dependencies": {
          "HotChocolate.Abstractions": "15.1.12"
        }
      },
      "HotChocolate.Execution.Projections": {
        "type": "Transitive",
        "resolved": "15.1.12",
        "contentHash": "jjGpm439L12J7FDYlv++R3Ew6WLbh2ZVexNtoasdh4UEK+UWhOw0RsEuX91FYfFu644LkEVu3SMDU49fwBzKxA==",
        "dependencies": {
          "GreenDonut.Data": "15.1.12",
          "GreenDonut.Data.Abstractions": "15.1.12",
          "GreenDonut.Data.Primitives": "15.1.12",
          "HotChocolate.Execution": "15.1.12"
        }
      },
      "HotChocolate.Features": {
        "type": "Transitive",
        "resolved": "15.1.12",
        "contentHash": "loCdqi+Fw0B9jaTaXdLRyyD+VQQlZ8Ia7B6kwyobQfS++f5/IOFfO1tPZc3KHNL9TESECzW7s78zP5jCNrScIg=="
      },
      "HotChocolate.Fetching": {
        "type": "Transitive",
        "resolved": "15.1.12",
        "contentHash": "tWgsHl5GRZhugtf9NoZovXEQ3yjiKgSKvowVcrU4G4lFtg/ZIjwEVd+yA3eh0C7K5zH2oxE3roML7tun6xse8w==",
        "dependencies": {
          "GreenDonut": "15.1.12",
          "HotChocolate.Types": "15.1.12"
        }
      },
      "HotChocolate.Language": {
        "type": "Transitive",
        "resolved": "15.1.12",
        "contentHash": "BcWoRUEHXqFMuRNCvMNlrmx4cCMfcEaA8RfmLKmGEnzwnJrHjaUeHIRT8/+X/xiuDAaXgXztJ+AYPIJcrxfAPA==",
        "dependencies": {
          "HotChocolate.Language.SyntaxTree": "15.1.12",
          "HotChocolate.Language.Utf8": "15.1.12",
          "HotChocolate.Language.Visitors": "15.1.12",
          "HotChocolate.Language.Web": "15.1.12"
        }
      },
      "HotChocolate.Language.SyntaxTree": {
        "type": "Transitive",
        "resolved": "15.1.12",
        "contentHash": "FRQM0Sk2sy0bK2gjCYcl+oqLL2c9prQM2kxBKCdLKsi1vevGwcqV6zhq+5aNAWhVpfb5kh3j3eh9/Pz+WbDpUA=="
      },
      "HotChocolate.Language.Utf8": {
        "type": "Transitive",
        "resolved": "15.1.12",
        "contentHash": "URvMy8JLBodY3/N86XUzPfC+AD7s3i6MSDoflnCwPMiFWKDaJ9a0WY63nS7r0xc9e15Pwq7LWN7EYWWG0UyJvg==",
        "dependencies": {
          "HotChocolate.Language.SyntaxTree": "15.1.12"
        }
      },
      "HotChocolate.Language.Visitors": {
        "type": "Transitive",
        "resolved": "15.1.12",
        "contentHash": "klDDEZTTBh+jK4cVtw+LPBXCGi3/Qur6lfipqQxWANOU1tT3nG9FpoHhtZBIn8BK4GcHNvjMjFXcrarfnRC6Aw==",
        "dependencies": {
          "HotChocolate.Language.SyntaxTree": "15.1.12"
        }
      },
      "HotChocolate.Language.Web": {
        "type": "Transitive",
        "resolved": "15.1.12",
        "contentHash": "HnOWueTJ6JQipZe7Qo+OQM42Uui3JgBDi6z/N5fC1uqc9Vj7AN8tA8Nu+ywHgTIGwclEUD00KVMcAOUvr/K9Iw==",
        "dependencies": {
          "HotChocolate.Language.Utf8": "15.1.12"
        }
      },
      "HotChocolate.Primitives": {
        "type": "Transitive",
        "resolved": "15.1.12",
        "contentHash": "9VxhvJzlDiti5LIekVE5ykvcxfuu9SaFjagNVF7JojUfH5105hrZbZRQuZU2PuB2ccJQJiIjUjuRp4/IT9tClg==",
        "dependencies": {
          "HotChocolate.Language": "15.1.12"
        }
      },
      "HotChocolate.Subscriptions": {
        "type": "Transitive",
        "resolved": "15.1.12",
        "contentHash": "Ic27qhkGtUNZO81dIqrHyyTFHSwzFKEgPoUuWUsuxrCQ9NMYjkJiCJ837yVqe4PxUOlWadb+jCKQw6teC97BBQ==",
        "dependencies": {
          "HotChocolate.Abstractions": "15.1.12",
          "HotChocolate.Execution.Abstractions": "15.1.12",
          "HotChocolate.Utilities": "15.1.12"
        }
      },
      "HotChocolate.Subscriptions.InMemory": {
        "type": "Transitive",
        "resolved": "15.1.12",
        "contentHash": "F9c3WEJJ1lozNval9IWVtC//FDiHn7omnP+hBAVuTZjGlY10M2S8VXR7SFOhS/zRxRF9m7BWzzjlX+wzS4MTGg==",
        "dependencies": {
          "HotChocolate.Execution.Abstractions": "15.1.12",
          "HotChocolate.Subscriptions": "15.1.12"
        }
      },
      "HotChocolate.Transport.Sockets": {
        "type": "Transitive",
        "resolved": "15.1.12",
        "contentHash": "DHhLOAKIrgUluGliu5pRtzB2bqr0aNqvTWU7CBPOeiO7Ehm9j+7Uf5q53lfcOk2OR4105wYkr26R8819QmQriw=="
      },
      "HotChocolate.Types": {
        "type": "Transitive",
        "resolved": "15.1.12",
        "contentHash": "TeCw75MroX9/fEBdG7y16hUUzjCUlgGaaCwEanhCuA3+ztWP0Xcd5Q8l/XCL2M5MF2A11JHb344Oa8ckfbM1ig==",
        "dependencies": {
          "GreenDonut": "15.1.12",
          "HotChocolate.Abstractions": "15.1.12",
          "HotChocolate.Features": "15.1.12",
          "HotChocolate.Types.Shared": "15.1.12",
          "HotChocolate.Utilities": "15.1.12"
        }
      },
      "HotChocolate.Types.CursorPagination": {
        "type": "Transitive",
        "resolved": "15.1.12",
        "contentHash": "O/sSDBm9sX6Hs3DDJ7ct6LhVVLL0OK7hreDckMz2HmDm2FqbBS/mFUB7K/pk58MiAmdSBE3oM18rcrFjV1MdWg==",
        "dependencies": {
          "HotChocolate.Execution.Abstractions": "15.1.12",
          "HotChocolate.Types": "15.1.12"
        }
      },
      "HotChocolate.Types.CursorPagination.Extensions": {
        "type": "Transitive",
        "resolved": "15.1.12",
        "contentHash": "aGKeNMqIX4vH89iQiHZnmZal1DdpHuCtlBaamo2paUmVRVb5TvFN3q+BUfH9MZklBcggSWF+VYSb0rIaVSSa8A==",
        "dependencies": {
          "GreenDonut.Data": "15.1.12",
          "HotChocolate.Types.CursorPagination": "15.1.12"
        }
      },
      "HotChocolate.Types.Errors": {
        "type": "Transitive",
        "resolved": "15.1.12",
        "contentHash": "u/lLfQ3zC6Wj8cmYFLrFeJywYlbYNAjADo9YQt8p1yzwVsHa5egV4L3qZCOjXu8bNratH9Vw22kuYQ8UmNko4A==",
        "dependencies": {
          "HotChocolate.Execution": "15.1.12"
        }
      },
      "HotChocolate.Types.Mutations": {
        "type": "Transitive",
        "resolved": "15.1.12",
        "contentHash": "TTeL9gjSVTfYmWw1cFA3S66Ilpnmx+I22I9ZXpLYnPleuimOTBfZrPZOCJxOTEXC7WzwpmFsEfH1p/o4nDWTaA==",
        "dependencies": {
          "HotChocolate.Execution": "15.1.12",
          "HotChocolate.Types.Errors": "15.1.12"
        }
      },
      "HotChocolate.Types.Queries": {
        "type": "Transitive",
        "resolved": "15.1.12",
        "contentHash": "NIpOh8cWOxBiK6ISxsO8p7bU1Sk94Wtxt8iuhj7UI7nw4eDPM8EVI1eYjOq3skmRkIlkZpIMaGE+8HQn+nupzg==",
        "dependencies": {
          "HotChocolate.Execution": "15.1.12",
          "HotChocolate.Types.Errors": "15.1.12"
        }
      },
      "HotChocolate.Types.Scalars.Upload": {
        "type": "Transitive",
        "resolved": "15.1.12",
        "contentHash": "5IU45vdUBLJukCePsN8ij0EkCY8y/N/3FJA0n1S2dsz2AAHAa7Zo1U1RHEaYwY+OHbDmIntIjAw0wf7QucysiQ==",
        "dependencies": {
          "HotChocolate.Types": "15.1.12"
        }
      },
      "HotChocolate.Types.Shared": {
        "type": "Transitive",
        "resolved": "15.1.12",
        "contentHash": "aF+RDBR7yTktNPqKAlIcQXnd0MCzwZ8G+4zOLOyQKL6EZ0eoNOZZwjz/c8LTdGsQjYddyUPVZvsWLKAq5kws0g==",
        "dependencies": {
          "HotChocolate.Language.SyntaxTree": "15.1.12"
        }
      },
      "HotChocolate.Utilities": {
        "type": "Transitive",
        "resolved": "15.1.12",
        "contentHash": "0QZi1LHSIGit4/q/bwBUwUT3Brn+GUXEmuWOrO7RplHFrRGxJfm0vJmW+aS/S6Lhzw6hKnuBNjDYBz9gHRT2Ug=="
      },
      "HotChocolate.Utilities.DependencyInjection": {
        "type": "Transitive",
        "resolved": "15.1.12",
        "contentHash": "ZCJOMOg1+JB4GCNy2EduYUBTjHCMa2dG5mK1rrcYMC3ZhmSQxJle+/5lqk3URofks5CHh5Pldh/9rSJo/h6tEw=="
      },
      "HotChocolate.Validation": {
        "type": "Transitive",
        "resolved": "15.1.12",
        "contentHash": "TtJDrJMzvdQL35/k3htLEQZBC7UC+PnPs4R1dWHKVxgAuvXtJNJDXo1z1xLvHViM14prKtF6j9Ki6RsKXmeotw==",
        "dependencies": {
          "HotChocolate.Types": "15.1.12"
        }
      },
      "Humanizer.Core": {
        "type": "Transitive",
        "resolved": "2.14.1",
        "contentHash": "lQKvtaTDOXnoVJ20ibTuSIOf2i0uO0MPbDhd1jm238I+U/2ZnRENj0cktKZhtchBMtCUSRQ5v4xBCUbKNmyVMw=="
      },
      "MediatR": {
        "type": "Transitive",
        "resolved": "14.0.0",
        "contentHash": "r5fwUO6NBvOFKaiMRx/gRrD1MEHHOio5yEdzSLs2OMeD2e9ZKnZaBQM6A6vVBEWJF4VY41vplXmDMOY1YvpqNA==",
        "dependencies": {
          "MediatR.Contracts": "[2.0.1, 3.0.0)",
          "Microsoft.IdentityModel.JsonWebTokens": "8.14.0"
        }
      },
      "MediatR.Contracts": {
        "type": "Transitive",
        "resolved": "2.0.1",
        "contentHash": "FYv95bNT4UwcNA+G/J1oX5OpRiSUxteXaUt2BJbRSdRNiIUNbggJF69wy6mnk2wYToaanpdXZdCwVylt96MpwQ=="
      },
      "Microsoft.Build.Framework": {
        "type": "Transitive",
        "resolved": "18.0.2",
        "contentHash": "sOSb+0J4G/jCBW/YqmRuL0eOMXgfw1KQLdC9TkbvfA5xs7uNm+PBQXJCOzSJGXtZcZrtXozcwxPmUiRUbmd7FA=="
      },
      "Microsoft.CodeAnalysis.Analyzers": {
        "type": "Transitive",
        "resolved": "3.11.0",
        "contentHash": "v/EW3UE8/lbEYHoC2Qq7AR/DnmvpgdtAMndfQNmpuIMx/Mto8L5JnuCfdBYtgvalQOtfNCnxFejxuRrryvUTsg=="
      },
      "Microsoft.CodeAnalysis.Common": {
        "type": "Transitive",
        "resolved": "5.0.0",
        "contentHash": "ZXRAdvH6GiDeHRyd3q/km8Z44RoM6FBWHd+gen/la81mVnAdHTEsEkO5J0TCNXBymAcx5UYKt5TvgKBhaLJEow==",
        "dependencies": {
          "Microsoft.CodeAnalysis.Analyzers": "3.11.0"
        }
      },
      "Microsoft.CodeAnalysis.CSharp": {
        "type": "Transitive",
        "resolved": "5.0.0",
        "contentHash": "5DSyJ9bk+ATuDy7fp2Zt0mJStDVKbBoiz1DyfAwSa+k4H4IwykAUcV3URelw5b8/iVbfSaOwkwmPUZH6opZKCw==",
        "dependencies": {
          "Microsoft.CodeAnalysis.Analyzers": "3.11.0",
          "Microsoft.CodeAnalysis.Common": "[5.0.0]"
        }
      },
      "Microsoft.CodeAnalysis.CSharp.Workspaces": {
        "type": "Transitive",
        "resolved": "5.0.0",
        "contentHash": "Al/Q8B+yO8odSqGVpSvrShMFDvlQdIBU//F3E6Rb0YdiLSALE9wh/pvozPNnfmh5HDnvU+mkmSjpz4hQO++jaA==",
        "dependencies": {
          "Humanizer.Core": "2.14.1",
          "Microsoft.CodeAnalysis.Analyzers": "3.11.0",
          "Microsoft.CodeAnalysis.CSharp": "[5.0.0]",
          "Microsoft.CodeAnalysis.Common": "[5.0.0]",
          "Microsoft.CodeAnalysis.Workspaces.Common": "[5.0.0]",
          "System.Composition": "9.0.0"
        }
      },
      "Microsoft.CodeAnalysis.Workspaces.Common": {
        "type": "Transitive",
        "resolved": "5.0.0",
        "contentHash": "ZbUmIvT6lqTNKiv06Jl5wf0MTMi1vQ1oH7ou4CLcs2C/no/L7EhP3T8y3XXvn9VbqMcJaJnEsNA1jwYUMgc5jg==",
        "dependencies": {
          "Humanizer.Core": "2.14.1",
          "Microsoft.CodeAnalysis.Analyzers": "3.11.0",
          "Microsoft.CodeAnalysis.Common": "[5.0.0]",
          "System.Composition": "9.0.0"
        }
      },
      "Microsoft.CodeAnalysis.Workspaces.MSBuild": {
        "type": "Transitive",
        "resolved": "5.0.0",
        "contentHash": "/G+LVoAGMz6Ae8nm+PGLxSw+F5RjYx/J7irbTO5uKAPw1bxHyQJLc/YOnpDxt+EpPtYxvC9wvBsg/kETZp1F9Q==",
        "dependencies": {
          "Humanizer.Core": "2.14.1",
          "Microsoft.Build.Framework": "17.11.31",
          "Microsoft.CodeAnalysis.Analyzers": "3.11.0",
          "Microsoft.CodeAnalysis.Workspaces.Common": "[5.0.0]",
          "Microsoft.VisualStudio.SolutionPersistence": "1.0.52",
          "Newtonsoft.Json": "13.0.3",
          "System.Composition": "9.0.0"
        }
      },
      "Microsoft.EntityFrameworkCore": {
        "type": "Transitive",
        "resolved": "10.0.2",
        "contentHash": "d3+XKbLSHPCu3vwpXECoXcFbvGKmAhEeUmc1xy2czmuPnEF7rZN2HP5ZGMwCMbAKk4B01+nS4HixSMo2Vf/Y9g==",
        "dependencies": {
          "Microsoft.EntityFrameworkCore.Abstractions": "10.0.2",
          "Microsoft.EntityFrameworkCore.Analyzers": "10.0.2"
        }
      },
      "Microsoft.EntityFrameworkCore.Abstractions": {
        "type": "Transitive",
        "resolved": "10.0.2",
        "contentHash": "BzAwIU5mYeOmnKbEXrkwx7feW2V+zUTrK/kRonSib94tjvc0/iRj2a4N6YGXRhTNjaFP3tvCMIDaX1vIFF6dkg=="
      },
      "Microsoft.EntityFrameworkCore.Analyzers": {
        "type": "Transitive",
        "resolved": "10.0.2",
        "contentHash": "5C8aKN2HFhXfLhkrVvQ6yH990nw35pS7HNnwdBc628zIREaKJ4/rkdCXzxOdZo/SnCT3Kg7a/CqnhlzuJhlD4Q=="
      },
      "Microsoft.EntityFrameworkCore.Relational": {
        "type": "Transitive",
        "resolved": "10.0.2",
        "contentHash": "1fUeyNmqDNfMogJ2ut7OKO57/WGjjkHMYeX51SpA3PwP7ftbx8g/Z3fbErD+1q14DILrqJfsszYsYhGssBRfDg==",
        "dependencies": {
          "Microsoft.EntityFrameworkCore": "10.0.2"
        }
      },
      "Microsoft.Extensions.DependencyModel": {
        "type": "Transitive",
        "resolved": "10.0.2",
        "contentHash": "DHXzj/FKmUDmhzw7AHbMXbNNcgO8Cb9PDbYOUDICjFAdIALy2WbC6pm+dFKiAUNtcYMucZu2iMVw1ef/sdcZFw=="
      },
      "Microsoft.IdentityModel.Abstractions": {
        "type": "Transitive",
        "resolved": "8.14.0",
        "contentHash": "iwbCpSjD3ehfTwBhtSNEtKPK0ICun6ov7Ibx6ISNA9bfwIyzI2Siwyi9eJFCJBwxowK9xcA1mj+jBWiigeqgcQ=="
      },
      "Microsoft.IdentityModel.JsonWebTokens": {
        "type": "Transitive",
        "resolved": "8.14.0",
        "contentHash": "4jOpiA4THdtpLyMdAb24dtj7+6GmvhOhxf5XHLYWmPKF8ApEnApal1UnJsKO4HxUWRXDA6C4WQVfYyqsRhpNpQ==",
        "dependencies": {
          "Microsoft.IdentityModel.Tokens": "8.14.0"
        }
      },
      "Microsoft.IdentityModel.Logging": {
        "type": "Transitive",
        "resolved": "8.14.0",
        "contentHash": "eqqnemdW38CKZEHS6diA50BV94QICozDZEvSrsvN3SJXUFwVB9gy+/oz76gldP7nZliA16IglXjXTCTdmU/Ejg==",
        "dependencies": {
          "Microsoft.IdentityModel.Abstractions": "8.14.0"
        }
      },
      "Microsoft.IdentityModel.Tokens": {
        "type": "Transitive",
        "resolved": "8.14.0",
        "contentHash": "lKIZiBiGd36k02TCdMHp1KlNWisyIvQxcYJvIkz7P4gSQ9zi8dgh6S5Grj8NNG7HWYIPfQymGyoZ6JB5d1Lo1g==",
        "dependencies": {
          "Microsoft.IdentityModel.Logging": "8.14.0"
        }
      },
      "Microsoft.OpenApi": {
        "type": "Transitive",
        "resolved": "2.0.0",
        "contentHash": "GGYLfzV/G/ct80OZ45JxnWP7NvMX1BCugn/lX7TH5o0lcVaviavsLMTxmFV2AybXWjbi3h6FF1vgZiTK6PXndw=="
      },
      "Microsoft.VisualStudio.SolutionPersistence": {
        "type": "Transitive",
        "resolved": "1.0.52",
        "contentHash": "oNv2JtYXhpdJrX63nibx1JT3uCESOBQ1LAk7Dtz/sr0+laW0KRM6eKp4CZ3MHDR2siIkKsY8MmUkeP5DKkQQ5w=="
      },
      "Mono.TextTemplating": {
        "type": "Transitive",
        "resolved": "3.0.0",
        "contentHash": "YqueG52R/Xej4VVbKuRIodjiAhV0HR/XVbLbNrJhCZnzjnSjgMJ/dCdV0akQQxavX6hp/LC6rqLGLcXeQYU7XA==",
        "dependencies": {
          "System.CodeDom": "6.0.0"
        }
      },
      "Newtonsoft.Json": {
        "type": "Transitive",
        "resolved": "13.0.3",
        "contentHash": "HrC5BXdl00IP9zeV+0Z848QWPAoCr9P3bDEZguI+gkLcBKAOxix/tLEAAHC+UvDNPv4a2d18lOReHMOagPa+zQ=="
      },
      "Npgsql": {
        "type": "Transitive",
        "resolved": "10.0.1",
        "contentHash": "XyUcxEfqlFomhNTG/ZdGlec+uSOQArKz0Mzz8jYKP/Jj9GM2YabU5CVZtp0yiC4f9hRp+tRZTnHMatJeJ3rwgw=="
      },
      "Npgsql.EntityFrameworkCore.PostgreSQL": {
        "type": "Transitive",
        "resolved": "10.0.0",
        "contentHash": "E2+uSWxSB8LdsUVwPaqRWOcGOP92biry2JEwc0KJMdLJF+aZdczeIdEXVwEyv4nSVMQJH0o8tLhyAMiR6VF0lw==",
        "dependencies": {
          "Microsoft.EntityFrameworkCore": "[10.0.0, 11.0.0)",
          "Microsoft.EntityFrameworkCore.Relational": "[10.0.0, 11.0.0)",
          "Npgsql": "10.0.0"
        }
      },
      "OpenTelemetry": {
        "type": "Transitive",
        "resolved": "1.15.0",
        "contentHash": "7mS/oZFF8S6xyqGQfMU1btp0nXJQUPWV535Vp/XMLYwRAUv36xQN+U4vufWBF1+z4HnRTOwuFHtUSGnHbyN6FQ==",
        "dependencies": {
          "OpenTelemetry.Api.ProviderBuilderExtensions": "1.15.0"
        }
      },
      "OpenTelemetry.Api": {
        "type": "Transitive",
        "resolved": "1.15.0",
        "contentHash": "vk5OGdf6K9kQScCWo3bRjhDWCv6Pqw92IpX4dlARZ8B1WL7/2NGTDtCkkw42eQf7UdwyoHKzVvMH/PtL8d6z7w=="
      },
      "OpenTelemetry.Api.ProviderBuilderExtensions": {
        "type": "Transitive",
        "resolved": "1.15.0",
        "contentHash": "OnuSUlRpGvowkOzGFQfy+KZFu0cITfKfh2IYJJiZskxVJiOuexwOOuvfDAgpJdmTzVWAHjYdz2shcHZaJ06UjQ==",
        "dependencies": {
          "OpenTelemetry.Api": "1.15.0"
        }
      },
      "Serilog": {
        "type": "Transitive",
        "resolved": "4.3.0",
        "contentHash": "+cDryFR0GRhsGOnZSKwaDzRRl4MupvJ42FhCE4zhQRVanX0Jpg6WuCBk59OVhVDPmab1bB+nRykAnykYELA9qQ=="
      },
      "Serilog.Extensions.Hosting": {
        "type": "Transitive",
        "resolved": "10.0.0",
        "contentHash": "E7juuIc+gzoGxgzFooFgAV8g9BfiSXNKsUok9NmEpyAXg2odkcPsMa/Yo4axkJRlh0se7mkYQ1GXDaBemR+b6w==",
        "dependencies": {
          "Serilog": "4.3.0",
          "Serilog.Extensions.Logging": "10.0.0"
        }
      },
      "Serilog.Extensions.Logging": {
        "type": "Transitive",
        "resolved": "10.0.0",
        "contentHash": "vx0kABKl2dWbBhhqAfTOk53/i8aV/5VaT3a6il9gn72Wqs2pM7EK2OB6No6xdqK2IaY6Zf9gdjLuK9BVa2rT+Q==",
        "dependencies": {
          "Serilog": "4.2.0"
        }
      },
      "Serilog.Formatting.Compact": {
        "type": "Transitive",
        "resolved": "3.0.0",
        "contentHash": "wQsv14w9cqlfB5FX2MZpNsTawckN4a8dryuNGbebB/3Nh1pXnROHZov3swtu3Nj5oNG7Ba+xdu7Et/ulAUPanQ==",
        "dependencies": {
          "Serilog": "4.0.0"
        }
      },
      "Serilog.Settings.Configuration": {
        "type": "Transitive",
        "resolved": "10.0.0",
        "contentHash": "LNq+ibS1sbhTqPV1FIE69/9AJJbfaOhnaqkzcjFy95o+4U+STsta9mi97f1smgXsWYKICDeGUf8xUGzd/52/uA==",
        "dependencies": {
          "Microsoft.Extensions.DependencyModel": "10.0.0",
          "Serilog": "4.3.0"
        }
      },
      "Serilog.Sinks.Debug": {
        "type": "Transitive",
        "resolved": "3.0.0",
        "contentHash": "4BzXcdrgRX7wde9PmHuYd9U6YqycCC28hhpKonK7hx0wb19eiuRj16fPcPSVp0o/Y1ipJuNLYQ00R3q2Zs8FDA==",
        "dependencies": {
          "Serilog": "4.0.0"
        }
      },
      "System.CodeDom": {
        "type": "Transitive",
        "resolved": "6.0.0",
        "contentHash": "CPc6tWO1LAer3IzfZufDBRL+UZQcj5uS207NHALQzP84Vp/z6wF0Aa0YZImOQY8iStY0A2zI/e3ihKNPfUm8XA=="
      },
      "System.Composition": {
        "type": "Transitive",
        "resolved": "9.0.0",
        "contentHash": "3Djj70fFTraOarSKmRnmRy/zm4YurICm+kiCtI0dYRqGJnLX6nJ+G3WYuFJ173cAPax/gh96REcbNiVqcrypFQ==",
        "dependencies": {
          "System.Composition.AttributedModel": "9.0.0",
          "System.Composition.Convention": "9.0.0",
          "System.Composition.Hosting": "9.0.0",
          "System.Composition.Runtime": "9.0.0",
          "System.Composition.TypedParts": "9.0.0"
        }
      },
      "System.Composition.AttributedModel": {
        "type": "Transitive",
        "resolved": "9.0.0",
        "contentHash": "iri00l/zIX9g4lHMY+Nz0qV1n40+jFYAmgsaiNn16xvt2RDwlqByNG4wgblagnDYxm3YSQQ0jLlC/7Xlk9CzyA=="
      },
      "System.Composition.Convention": {
        "type": "Transitive",
        "resolved": "9.0.0",
        "contentHash": "+vuqVP6xpi582XIjJi6OCsIxuoTZfR0M7WWufk3uGDeCl3wGW6KnpylUJ3iiXdPByPE0vR5TjJgR6hDLez4FQg==",
        "dependencies": {
          "System.Composition.AttributedModel": "9.0.0"
        }
      },
      "System.Composition.Hosting": {
        "type": "Transitive",
        "resolved": "9.0.0",
        "contentHash": "OFqSeFeJYr7kHxDfaViGM1ymk7d4JxK//VSoNF9Ux0gpqkLsauDZpu89kTHHNdCWfSljbFcvAafGyBoY094btQ==",
        "dependencies": {
          "System.Composition.Runtime": "9.0.0"
        }
      },
      "System.Composition.Runtime": {
        "type": "Transitive",
        "resolved": "9.0.0",
        "contentHash": "w1HOlQY1zsOWYussjFGZCEYF2UZXgvoYnS94NIu2CBnAGMbXFAX8PY8c92KwUItPmowal68jnVLBCzdrWLeEKA=="
      },
      "System.Composition.TypedParts": {
        "type": "Transitive",
        "resolved": "9.0.0",
        "contentHash": "aRZlojCCGEHDKqh43jaDgaVpYETsgd7Nx4g1zwLKMtv4iTo0627715ajEFNpEEBTgLmvZuv8K0EVxc3sM4NWJA==",
        "dependencies": {
          "System.Composition.AttributedModel": "9.0.0",
          "System.Composition.Hosting": "9.0.0",
          "System.Composition.Runtime": "9.0.0"
        }
      },
      "System.IO.Hashing": {
        "type": "Transitive",
        "resolved": "8.0.0",
        "contentHash": "ne1843evDugl0md7Fjzy6QjJrzsjh46ZKbhf8GwBXb5f/gw97J4bxMs0NQKifDuThh/f0bZ0e62NPl1jzTuRqA=="
      },
      "Yarp.ReverseProxy": {
        "type": "Transitive",
        "resolved": "2.3.0",
        "contentHash": "gxtkN3a+9biu9V9Zd5NaTO6VZWXAnS2mhQ0R/VXmSPoTuiQNZsakKikrKpDtKxrL5nUYzbRsHtl40WNq+ZBKKg==",
        "dependencies": {
          "System.IO.Hashing": "8.0.0"
        }
      },
      "supatable.application": {
        "type": "Project",
        "dependencies": {
          "MediatR": "[14.0.0, )"
        }
      },
      "supatable.infrastructure": {
        "type": "Project",
        "dependencies": {
          "Dapper": "[2.1.66, )",
          "EFCore.NamingConventions": "[10.0.1, )",
          "Microsoft.EntityFrameworkCore": "[10.0.2, )",
          "Npgsql": "[10.0.1, )",
          "Npgsql.EntityFrameworkCore.PostgreSQL": "[10.0.0, )",
          "Supatable.Application": "[1.0.0, )"
        }
      }
    }
  }
}